{
  "name": "@luncheon/esbuild-plugin-gzip",
  "version": "0.0.0",
  "lockfileVersion": 1,
  "requires": true,
  "dependencies": {
    "@types/node": {
      "version": "15.0.0",
      "resolved": "https://registry.npmjs.org/@types/node/-/node-15.0.0.tgz",
      "integrity": "sha512-YN1d+ae2MCb4U0mMa+Zlb5lWTdpFShbAj5nmte6lel27waMMBfivrm0prC16p/Di3DyTrmerrYUT8/145HXxVw==",
      "dev": true
    },
    "esbuild": {
      "version": "0.11.15",
      "resolved": "https://registry.npmjs.org/esbuild/-/esbuild-0.11.15.tgz",
      "integrity": "sha512-Hh40byWZZgYbiLhcoOWiOUIy8yUYQeCEA4F9feWytToD2jGfJ1X4VPf5dsqj6vRL29H3YmFqZsxIJa5q0ifB3g==",
      "dev": true
    },
    "typescript": {
      "version": "4.2.4",
      "resolved": "https://registry.npmjs.org/typescript/-/typescript-4.2.4.tgz",
      "integrity": "sha512-V+evlYHZnQkaz8TRBuxTA92yZBPotr5H+WhQ7bD3hZUndx5tGOa1fuCgeSjxAzM1RiN5IzvadIXTVefuuwZCRg==",
      "dev": true
    }
  }
}
